// !$*UTF8*$!
{
	archiveVersion = 1;
	classes = {
	};
	objectVersion = 46;
	objects = {

/* Begin PBXBuildFile section */
		9CFC46111AFE7352007A2E27 /* Player.m in Sources */ = {isa = PBXBuildFile; fileRef = 9CFC46101AFE7352007A2E27 /* Player.m */; };
		9CFC46141AFE7364007A2E27 /* RoomDirectory.m in Sources */ = {isa = PBXBuildFile; fileRef = 9CFC46131AFE7364007A2E27 /* RoomDirectory.m */; };
		9CFC46171AFE736B007A2E27 /* Room.m in Sources */ = {isa = PBXBuildFile; fileRef = 9CFC46161AFE736B007A2E27 /* Room.m */; };
		9CFC461C1AFE7BE4007A2E27 /* main.m in Sources */ = {isa = PBXBuildFile; fileRef = 9CFC461B1AFE7BE4007A2E27 /* main.m */; };
/* End PBXBuildFile section */

/* Begin PBXCopyFilesBuildPhase section */
		9CFC45BD1AFB43C5007A2E27 /* CopyFiles */ = {
			isa = PBXCopyFilesBuildPhase;
			buildActionMask = 2147483647;
			dstPath = /usr/share/man/man1/;
			dstSubfolderSpec = 0;
			files = (
			);
			runOnlyForDeploymentPostprocessing = 1;
		};
/* End PBXCopyFilesBuildPhase section */

/* Begin PBXFileReference section */
		9CFC45BF1AFB43C5007A2E27 /* AdventureGame */ = {isa = PBXFileReference; explicitFileType = "compiled.mach-o.executable"; includeInIndex = 0; path = AdventureGame; sourceTree = BUILT_PRODUCTS_DIR; };
		9CFC460F1AFE7352007A2E27 /* Player.h */ = {isa = PBXFileReference; fileEncoding = 4; lastKnownFileType = sourcecode.c.h; path = Player.h; sourceTree = "<group>"; };
		9CFC46101AFE7352007A2E27 /* Player.m */ = {isa = PBXFileReference; fileEncoding = 4; lastKnownFileType = sourcecode.c.objc; path = Player.m; sourceTree = "<group>"; };
		9CFC46121AFE7364007A2E27 /* RoomDirectory.h */ = {isa = PBXFileReference; fileEncoding = 4; lastKnownFileType = sourcecode.c.h; path = RoomDirectory.h; sourceTree = "<group>"; };
		9CFC46131AFE7364007A2E27 /* RoomDirectory.m */ = {isa = PBXFileReference; fileEncoding = 4; lastKnownFileType = sourcecode.c.objc; path = RoomDirectory.m; sourceTree = "<group>"; };
		9CFC46151AFE736B007A2E27 /* Room.h */ = {isa = PBXFileReference; fileEncoding = 4; lastKnownFileType = sourcecode.c.h; path = Room.h; sourceTree = "<group>"; };
		9CFC46161AFE736B007A2E27 /* Room.m */ = {isa = PBXFileReference; fileEncoding = 4; lastKnownFileType = sourcecode.c.objc; path = Room.m; sourceTree = "<group>"; };
		9CFC461B1AFE7BE4007A2E27 /* main.m */ = {isa = PBXFileReference; fileEncoding = 4; lastKnownFileType = sourcecode.c.objc; path = main.m; sourceTree = "<group>"; };
/* End PBXFileReference section */

/* Begin PBXFrameworksBuildPhase section */
		9CFC45BC1AFB43C5007A2E27 /* Frameworks */ = {
			isa = PBXFrameworksBuildPhase;
			buildActionMask = 2147483647;
			files = (
			);
			runOnlyForDeploymentPostprocessing = 0;
		};
/* End PBXFrameworksBuildPhase section */

/* Begin PBXGroup section */
		9CFC45B61AFB43C4007A2E27 = {
			isa = PBXGroup;
			children = (
				9CFC45C11AFB43C5007A2E27 /* AdventureGame */,
				9CFC45C01AFB43C5007A2E27 /* Products */,
			);
			sourceTree = "<group>";
		};
		9CFC45C01AFB43C5007A2E27 /* Products */ = {
			isa = PBXGroup;
			children = (
				9CFC45BF1AFB43C5007A2E27 /* AdventureGame */,
			);
			name = Products;
			sourceTree = "<group>";
		};
		9CFC45C11AFB43C5007A2E27 /* AdventureGame */ = {
			isa = PBXGroup;
			children = (
				9CFC461B1AFE7BE4007A2E27 /* main.m */,
				9CFC460F1AFE7352007A2E27 /* Player.h */,
				9CFC46101AFE7352007A2E27 /* Player.m */,
				9CFC46121AFE7364007A2E27 /* RoomDirectory.h */,
				9CFC46131AFE7364007A2E27 /* RoomDirectory.m */,
				9CFC46151AFE736B007A2E27 /* Room.h */,
				9CFC46161AFE736B007A2E27 /* Room.m */,
			);
			path = AdventureGame;
			sourceTree = "<group>";
		};
/* End PBXGroup section */

/* Begin PBXNativeTarget section */
		9CFC45BE1AFB43C5007A2E27 /* AdventureGame */ = {
			isa = PBXNativeTarget;
			buildConfigurationList = 9CFC45C61AFB43C5007A2E27 /* Build configuration list for PBXNativeTarget "AdventureGame" */;
			buildPhases = (
				9CFC45BB1AFB43C5007A2E27 /* Sources */,
				9CFC45BC1AFB43C5007A2E27 /* Frameworks */,
				9CFC45BD1AFB43C5007A2E27 /* CopyFiles */,
			);
			buildRules = (
			);
			dependencies = (
			);
			name = AdventureGame;
			productName = AdventureGame;
			productReference = 9CFC45BF1AFB43C5007A2E27 /* AdventureGame */;
			productType = "com.apple.product-type.tool";
		};
/* End PBXNativeTarget section */

/* Begin PBXProject section */
		9CFC45B71AFB43C4007A2E27 /* Project object */ = {
			isa = PBXProject;
			attributes = {
				LastUpgradeCheck = 0610;
				ORGANIZATIONNAME = JWANG;
				TargetAttributes = {
					9CFC45BE1AFB43C5007A2E27 = {
						CreatedOnToolsVersion = 6.1.1;
					};
				};
			};
			buildConfigurationList = 9CFC45BA1AFB43C4007A2E27 /* Build configuration list for PBXProject "AdventureGame" */;
			compatibilityVersion = "Xcode 3.2";
			developmentRegion = English;
			hasScannedForEncodings = 0;
			knownRegions = (
				en,
			);
			mainGroup = 9CFC45B61AFB43C4007A2E27;
			productRefGroup = 9CFC45C01AFB43C5007A2E27 /* Products */;
			projectDirPath = "";
			projectRoot = "";
			targets = (
				9CFC45BE1AFB43C5007A2E27 /* AdventureGame */,
			);
		};
/* End PBXProject section */

/* Begin PBXSourcesBuildPhase section */
		9CFC45BB1AFB43C5007A2E27 /* Sources */ = {
			isa = PBXSourcesBuildPhase;
			buildActionMask = 2147483647;
			files = (
				9CFC461C1AFE7BE4007A2E27 /* main.m in Sources */,
				9CFC46111AFE7352007A2E27 /* Player.m in Sources */,
				9CFC46171AFE736B007A2E27 /* Room.m in Sources */,
				9CFC46141AFE7364007A2E27 /* RoomDirectory.m in Sources */,
			);
			runOnlyForDeploymentPostprocessing = 0;
		};
/* End PBXSourcesBuildPhase section */

/* Begin XCBuildConfiguration section */
		9CFC45C41AFB43C5007A2E27 /* Debug */ = {
			isa = XCBuildConfiguration;
			buildSettings = {
				ALWAYS_SEARCH_USER_PATHS = NO;
				CLANG_CXX_LANGUAGE_STANDARD = "gnu++0x";
				CLANG_CXX_LIBRARY = "libc++";
				CLANG_ENABLE_MODULES = YES;
				CLANG_ENABLE_OBJC_ARC = YES;
				CLANG_WARN_BOOL_CONVERSION = YES;
				CLANG_WARN_CONSTANT_CONVERSION = YES;
				CLANG_WARN_DIRECT_OBJC_ISA_USAGE = YES_ERROR;
				CLANG_WARN_EMPTY_BODY = YES;
				CLANG_WARN_ENUM_CONVERSION = YES;
				CLANG_WARN_INT_CONVERSION = YES;
				CLANG_WARN_OBJC_ROOT_CLASS = YES_ERROR;
				CLANG_WARN_UNREACHABLE_CODE = YES;
				CLANG_WARN__DUPLICATE_METHOD_MATCH = YES;
				COPY_PHASE_STRIP = NO;
				ENABLE_STRICT_OBJC_MSGSEND = YES;
				GCC_C_LANGUAGE_STANDARD = gnu99;
				GCC_DYNAMIC_NO_PIC = NO;
				GCC_OPTIMIZATION_LEVEL = 0;
				GCC_PREPROCESSOR_DEFINITIONS = (
					"DEBUG=1",
					"$(inherited)",
				);
				GCC_SYMBOLS_PRIVATE_EXTERN = NO;
				GCC_WARN_64_TO_32_BIT_CONVERSION = YES;
				GCC_WARN_ABOUT_RETURN_TYPE = YES_ERROR;
				GCC_WARN_UNDECLARED_SELECTOR = YES;
				GCC_WARN_UNINITIALIZED_AUTOS = YES_AGGRESSIVE;
				GCC_WARN_UNUSED_FUNCTION = YES;
				GCC_WARN_UNUSED_VARIABLE = YES;
				MACOSX_DEPLOYMENT_TARGET = 10.9;
				MTL_ENABLE_DEBUG_INFO = YES;
				ONLY_ACTIVE_ARCH = YES;
				SDKROOT = macosx;
			};
			name = Debug;
		};
		9CFC45C51AFB43C5007A2E27 /* Release */ = {
			isa = XCBuildConfiguration;
			buildSettings = {
				ALWAYS_SEARCH_USER_PATHS = NO;
				CLANG_CXX_LANGUAGE_STANDARD = "gnu++0x";
				CLANG_CXX_LIBRARY = "libc++";
				CLANG_ENABLE_MODULES = YES;
				CLANG_ENABLE_OBJC_ARC = YES;
				CLANG_WARN_BOOL_CONVERSION = YES;
				CLANG_WARN_CONSTANT_CONVERSION = YES;
				CLANG_WARN_DIRECT_OBJC_ISA_USAGE = YES_ERROR;
				CLANG_WARN_EMPTY_BODY = YES;
				CLANG_WARN_ENUM_CONVERSION = YES;
				CLANG_WARN_INT_CONVERSION = YES;
				CLANG_WARN_OBJC_ROOT_CLASS = YES_ERROR;
				CLANG_WARN_UNREACHABLE_CODE = YES;
				CLANG_WARN__DUPLICATE_METHOD_MATCH = YES;
				COPY_PHASE_STRIP = YES;
				DEBUG_INFORMATION_FORMAT = "dwarf-with-dsym";
				ENABLE_NS_ASSERTIONS = NO;
				ENABLE_STRICT_OBJC_MSGSEND = YES;
				GCC_C_LANGUAGE_STANDARD = gnu99;
				GCC_WARN_64_TO_32_BIT_CONVERSION = YES;
				GCC_WARN_ABOUT_RETURN_TYPE = YES_ERROR;
				GCC_WARN_UNDECLARED_SELECTOR = YES;
				GCC_WARN_UNINITIALIZED_AUTOS = YES_AGGRESSIVE;
				GCC_WARN_UNUSED_FUNCTION = YES;
				GCC_WARN_UNUSED_VARIABLE = YES;
				MACOSX_DEPLOYMENT_TARGET = 10.9;
				MTL_ENABLE_DEBUG_INFO = NO;
				SDKROOT = macosx;
			};
			name = Release;
		};
		9CFC45C71AFB43C5007A2E27 /* Debug */ = {
			isa = XCBuildConfiguration;
			buildSettings = {
				PRODUCT_NAME = "$(TARGET_NAME)";
			};
			name = Debug;
		};
		9CFC45C81AFB43C5007A2E27 /* Release */ = {
			isa = XCBuildConfiguration;
			buildSettings = {
				PRODUCT_NAME = "$(TARGET_NAME)";
			};
			name = Release;
		};
/* End XCBuildConfiguration section */

/* Begin XCConfigurationList section */
		9CFC45BA1AFB43C4007A2E27 /* Build configuration list for PBXProject "AdventureGame" */ = {
			isa = XCConfigurationList;
			buildConfigurations = (
				9CFC45C41AFB43C5007A2E27 /* Debug */,
				9CFC45C51AFB43C5007A2E27 /* Release */,
			);
			defaultConfigurationIsVisible = 0;
			defaultConfigurationName = Release;
		};
		9CFC45C61AFB43C5007A2E27 /* Build configuration list for PBXNativeTarget "AdventureGame" */ = {
			isa = XCConfigurationList;
			buildConfigurations = (
				9CFC45C71AFB43C5007A2E27 /* Debug */,
				9CFC45C81AFB43C5007A2E27 /* Release */,
			);
			defaultConfigurationIsVisible = 0;
			defaultConfigurationName = Release;
		};
/* End XCConfigurationList section */
	};
	rootObject = 9CFC45B71AFB43C4007A2E27 /* Project object */;
}
